
Microsoft Visual Studio Solution File, Format Version 12.00
# Visual Studio Version 17
VisualStudioVersion = 17.7.34024.191
MinimumVisualStudioVersion = 10.0.40219.1
Project("{FAE04EC0-301F-11D3-BF4B-00C04F79EFBC}") = "Алгоритм Дейкстры", "Алгоритм Дейкстры.csproj", "{3A5B567D-7F96-4B2C-A8EE-4E7CDA0EA8A4}"
EndProject
Global
	GlobalSection(SolutionConfigurationPlatforms) = preSolution
		Debug|Any CPU = Debug|Any CPU
		Release|Any CPU = Release|Any CPU
	EndGlobalSection
	GlobalSection(ProjectConfigurationPlatforms) = postSolution
		{3A5B567D-7F96-4B2C-A8EE-4E7CDA0EA8A4}.Debug|Any CPU.ActiveCfg = Debug|Any CPU
		{3A5B567D-7F96-4B2C-A8EE-4E7CDA0EA8A4}.Debug|Any CPU.Build.0 = Debug|Any CPU
		{3A5B567D-7F96-4B2C-A8EE-4E7CDA0EA8A4}.Release|Any CPU.ActiveCfg = Release|Any CPU
		{3A5B567D-7F96-4B2C-A8EE-4E7CDA0EA8A4}.Release|Any CPU.Build.0 = Release|Any CPU
	EndGlobalSection
	GlobalSection(SolutionProperties) = preSolution
		HideSolutionNode = FALSE
	EndGlobalSection
	GlobalSection(ExtensibilityGlobals) = postSolution
		SolutionGuid = {1A34CB15-322D-4220-9A14-94E8C21F585B}
	EndGlobalSection
EndGlobal
